
Microsoft Visual Studio Solution File, Format Version 12.00
# Visual Studio Version 17
VisualStudioVersion = 17.7.34024.191
MinimumVisualStudioVersion = 10.0.40219.1
Project("{8BC9CEB8-8B4A-11D0-8D11-00A0C91BC942}") = "Coding - Test.cpp", "Coding - Test.cpp\Coding - Test.cpp.vcxproj", "{702B80AF-6568-45B8-9B5B-431412F46154}"
EndProject
Global
	GlobalSection(SolutionConfigurationPlatforms) = preSolution
		Debug|x64 = Debug|x64
		Debug|x86 = Debug|x86
		Release|x64 = Release|x64
		Release|x86 = Release|x86
	EndGlobalSection
	GlobalSection(ProjectConfigurationPlatforms) = postSolution
		{702B80AF-6568-45B8-9B5B-431412F46154}.Debug|x64.ActiveCfg = Debug|x64
		{702B80AF-6568-45B8-9B5B-431412F46154}.Debug|x64.Build.0 = Debug|x64
		{702B80AF-6568-45B8-9B5B-431412F46154}.Debug|x86.ActiveCfg = Debug|Win32
		{702B80AF-6568-45B8-9B5B-431412F46154}.Debug|x86.Build.0 = Debug|Win32
		{702B80AF-6568-45B8-9B5B-431412F46154}.Release|x64.ActiveCfg = Release|x64
		{702B80AF-6568-45B8-9B5B-431412F46154}.Release|x64.Build.0 = Release|x64
		{702B80AF-6568-45B8-9B5B-431412F46154}.Release|x86.ActiveCfg = Release|Win32
		{702B80AF-6568-45B8-9B5B-431412F46154}.Release|x86.Build.0 = Release|Win32
	EndGlobalSection
	GlobalSection(SolutionProperties) = preSolution
		HideSolutionNode = FALSE
	EndGlobalSection
	GlobalSection(ExtensibilityGlobals) = postSolution
		SolutionGuid = {B7F4FA9B-DBCE-4A40-A5E1-8D15431A8565}
	EndGlobalSection
EndGlobal
